
Microsoft Visual Studio Solution File, Format Version 12.00
# Visual Studio Version 17
VisualStudioVersion = 17.14.36429.23 d17.14
MinimumVisualStudioVersion = 10.0.40219.1
Project("{FAE04EC0-301F-11D3-BF4B-00C04F79EFBC}") = "Tyuiu.ReutovZA.Sprint2.Task0.V1.Test", "Tyuiu.ReutovZA.Sprint2.Task0.V1.Test\Tyuiu.ReutovZA.Sprint2.Task0.V1.Test.csproj", "{5FE15C0A-ED3A-4A5E-9F77-DC10C60C72C2}"
EndProject
Project("{FAE04EC0-301F-11D3-BF4B-00C04F79EFBC}") = "Tyuiu.ReutovZA.Sprint2.Task0.V1.Lib", "Tyuiu.ReutovZA.Sprint2.Task0.V1.Lib\Tyuiu.ReutovZA.Sprint2.Task0.V1.Lib.csproj", "{61D8F79A-AE21-41A7-938A-726256C23DB2}"
EndProject
Project("{FAE04EC0-301F-11D3-BF4B-00C04F79EFBC}") = "Tyuiu.ReutovZA.Sprint2.Task0.V1", "Tyuiu.ReutovZA.Sprint2.Task0.V1\Tyuiu.ReutovZA.Sprint2.Task0.V1.csproj", "{FFF5612B-38B6-427E-8A72-C7905564A677}"
EndProject
Project("{2150E333-8FDC-42A3-9474-1A3956D46DE8}") = "Task0", "Task0", "{02EA681E-C7D8-13C7-8484-4AC65E1B71E8}"
EndProject
Project("{2150E333-8FDC-42A3-9474-1A3956D46DE8}") = "Task1", "Task1", "{EA73276C-6E1C-4600-8EA0-B6792D06D034}"
EndProject
Project("{FAE04EC0-301F-11D3-BF4B-00C04F79EFBC}") = "Tyuiu.ReutovZA.Sprint2.Task1.V5", "Tyuiu.ReutovZA.Sprint2.Task1.V5\Tyuiu.ReutovZA.Sprint2.Task1.V5.csproj", "{A75D136B-275F-41EE-80BB-C72D3D5AEE5F}"
EndProject
Project("{FAE04EC0-301F-11D3-BF4B-00C04F79EFBC}") = "Tyuiu.ReutovZA.Sprint2.Task1.V5.Lib", "Tyuiu.ReutovZA.Sprint2.Task1.V5.Lib\Tyuiu.ReutovZA.Sprint2.Task1.V5.Lib.csproj", "{9BDB5F23-555B-42F3-9A8C-F1F06B3D5971}"
EndProject
Project("{FAE04EC0-301F-11D3-BF4B-00C04F79EFBC}") = "Tyuiu.ReutovZA.Sprint2.Task1.V5.Test", "Tyuiu.ReutovZA.Sprint2.Task1.V5.Test\Tyuiu.ReutovZA.Sprint2.Task1.V5.Test.csproj", "{9A193C58-E301-414E-BD11-597456BB22F2}"
EndProject
Project("{2150E333-8FDC-42A3-9474-1A3956D46DE8}") = "Task2", "Task2", "{27CA954E-AB07-4BD1-B9F5-6B8F855D2C16}"
EndProject
Project("{FAE04EC0-301F-11D3-BF4B-00C04F79EFBC}") = "Tyuiu.ReutovZA.Sprint2.Task2.V16.Test", "Tyuiu.ReutovZA.Sprint2.Task2.V16.Test\Tyuiu.ReutovZA.Sprint2.Task2.V16.Test.csproj", "{BFA64EA9-EC02-42F6-A232-57DF14A24AA9}"
EndProject
Project("{FAE04EC0-301F-11D3-BF4B-00C04F79EFBC}") = "Tyuiu.ReutovZA.Sprint2.Task2.V16.Lib", "Tyuiu.ReutovZA.Sprint2.Task2.V16.Lib\Tyuiu.ReutovZA.Sprint2.Task2.V16.Lib.csproj", "{03DB30A7-C41F-446C-8B3D-98F0F30AD8E0}"
EndProject
Project("{FAE04EC0-301F-11D3-BF4B-00C04F79EFBC}") = "Tyuiu.ReutovZA.Sprint2.Task2.V16", "Tyuiu.ReutovZA.Sprint2.Task2.V16\Tyuiu.ReutovZA.Sprint2.Task2.V16.csproj", "{B37DC468-FF9E-4717-9292-874D0AD68721}"
EndProject
Project("{2150E333-8FDC-42A3-9474-1A3956D46DE8}") = "Task3", "Task3", "{650F98BD-A24D-4232-BBDA-B2E6802C9E93}"
EndProject
Project("{FAE04EC0-301F-11D3-BF4B-00C04F79EFBC}") = "Tyuiu.ReutovZA.Sprint2.Task3.V9", "Tyuiu.ReutovZA.Sprint2.Task3.V9\Tyuiu.ReutovZA.Sprint2.Task3.V9.csproj", "{B7B37D17-FC20-42F3-900A-D4BA28D8FC21}"
EndProject
Project("{FAE04EC0-301F-11D3-BF4B-00C04F79EFBC}") = "Tyuiu.ReutovZA.Sprint2.Task3.V9.Lib", "Tyuiu.ReutovZA.Sprint2.Task3.V9.Lib\Tyuiu.ReutovZA.Sprint2.Task3.V9.Lib.csproj", "{A0DF8EFC-0778-448E-B035-F625AB32E1CB}"
EndProject
Project("{FAE04EC0-301F-11D3-BF4B-00C04F79EFBC}") = "Tyuiu.ReutovZA.Sprint2.Task3.V9.Test", "Tyuiu.ReutovZA.Sprint2.Task3.V9.Test\Tyuiu.ReutovZA.Sprint2.Task3.V9.Test.csproj", "{25AB448B-B286-46D5-AB66-F337F703B300}"
EndProject
Project("{2150E333-8FDC-42A3-9474-1A3956D46DE8}") = "Task4", "Task4", "{7F539E3D-EF0E-41E0-976A-0CD313F9A708}"
EndProject
Project("{FAE04EC0-301F-11D3-BF4B-00C04F79EFBC}") = "Tyuiu.ReutovZA.Sprint2.Task4.V16.Test", "Tyuiu.ReutovZA.Sprint2.Task4.V16.Test\Tyuiu.ReutovZA.Sprint2.Task4.V16.Test.csproj", "{49488CD1-35E9-4FB1-8970-E704A31E72D5}"
EndProject
Project("{FAE04EC0-301F-11D3-BF4B-00C04F79EFBC}") = "Tyuiu.ReutovZA.Sprint2.Task4.V16.Lib", "Tyuiu.ReutovZA.Sprint2.Task4.V16.Lib\Tyuiu.ReutovZA.Sprint2.Task4.V16.Lib.csproj", "{BA3D60A6-3A20-46AE-908A-6F0363EB54B8}"
EndProject
Project("{FAE04EC0-301F-11D3-BF4B-00C04F79EFBC}") = "Tyuiu.ReutovZA.Sprint2.Task4.V16", "Tyuiu.ReutovZA.Sprint2.Task4.V16\Tyuiu.ReutovZA.Sprint2.Task4.V16.csproj", "{9A9FF7D9-566B-4E35-8E6A-C56ED0A3E919}"
EndProject
Project("{FAE04EC0-301F-11D3-BF4B-00C04F79EFBC}") = "Tyuiu.ReutovZA.Sprint2.Task5.V3", "Tyuiu.ReutovZA.Sprint2.Task5.V3\Tyuiu.ReutovZA.Sprint2.Task5.V3.csproj", "{7193E354-8257-4F4D-8824-44F1B87B1FE1}"
EndProject
Project("{2150E333-8FDC-42A3-9474-1A3956D46DE8}") = "Task5", "Task5", "{70F80E40-3B7D-45B0-B136-40623FD518E7}"
EndProject
Project("{FAE04EC0-301F-11D3-BF4B-00C04F79EFBC}") = "Tyuiu.ReutovZA.Sprint2.Task5.V3.Lib", "Tyuiu.ReutovZA.Sprint2.Task5.V3.Lib\Tyuiu.ReutovZA.Sprint2.Task5.V3.Lib.csproj", "{D10EB578-2FAB-47D3-B048-BAAE755E2288}"
EndProject
Project("{FAE04EC0-301F-11D3-BF4B-00C04F79EFBC}") = "Tyuiu.ReutovZA.Sprint2.Task5.V3.Test", "Tyuiu.ReutovZA.Sprint2.Task5.V3.Test\Tyuiu.ReutovZA.Sprint2.Task5.V3.Test.csproj", "{3E0B1F57-3086-4B4B-912F-3C0E0EDF1751}"
EndProject
Project("{2150E333-8FDC-42A3-9474-1A3956D46DE8}") = "Task6", "Task6", "{5DA110A3-C650-43D6-B3ED-EE5C2B6B8365}"
EndProject
Project("{FAE04EC0-301F-11D3-BF4B-00C04F79EFBC}") = "Tyuiu.ReutovZA.Sprint2.Task6.V5.Test", "Tyuiu.ReutovZA.Sprint2.Task6.V6.Test\Tyuiu.ReutovZA.Sprint2.Task6.V5.Test.csproj", "{487A1D22-681A-4E36-A57B-A32315BFAD26}"
EndProject
Project("{FAE04EC0-301F-11D3-BF4B-00C04F79EFBC}") = "Tyuiu.ReutovZA.Sprint2.Task6.V5.Lib", "Tyuiu.ReutovZA.Sprint2.Task6.V6.Lib\Tyuiu.ReutovZA.Sprint2.Task6.V5.Lib.csproj", "{8EDFBDE9-C378-4395-93F9-E44BAE3D8F96}"
EndProject
Project("{FAE04EC0-301F-11D3-BF4B-00C04F79EFBC}") = "Tyuiu.ReutovZA.Sprint2.Task6.V5", "Tyuiu.ReutovZA.Sprint2.Task6.V6\Tyuiu.ReutovZA.Sprint2.Task6.V5.csproj", "{BD4FA1C4-DD63-4034-9F00-7885C89229A5}"
EndProject
Global
	GlobalSection(SolutionConfigurationPlatforms) = preSolution
		Debug|Any CPU = Debug|Any CPU
		Release|Any CPU = Release|Any CPU
	EndGlobalSection
	GlobalSection(ProjectConfigurationPlatforms) = postSolution
		{5FE15C0A-ED3A-4A5E-9F77-DC10C60C72C2}.Debug|Any CPU.ActiveCfg = Debug|Any CPU
		{5FE15C0A-ED3A-4A5E-9F77-DC10C60C72C2}.Debug|Any CPU.Build.0 = Debug|Any CPU
		{5FE15C0A-ED3A-4A5E-9F77-DC10C60C72C2}.Release|Any CPU.ActiveCfg = Release|Any CPU
		{5FE15C0A-ED3A-4A5E-9F77-DC10C60C72C2}.Release|Any CPU.Build.0 = Release|Any CPU
		{61D8F79A-AE21-41A7-938A-726256C23DB2}.Debug|Any CPU.ActiveCfg = Debug|Any CPU
		{61D8F79A-AE21-41A7-938A-726256C23DB2}.Debug|Any CPU.Build.0 = Debug|Any CPU
		{61D8F79A-AE21-41A7-938A-726256C23DB2}.Release|Any CPU.ActiveCfg = Release|Any CPU
		{61D8F79A-AE21-41A7-938A-726256C23DB2}.Release|Any CPU.Build.0 = Release|Any CPU
		{FFF5612B-38B6-427E-8A72-C7905564A677}.Debug|Any CPU.ActiveCfg = Debug|Any CPU
		{FFF5612B-38B6-427E-8A72-C7905564A677}.Debug|Any CPU.Build.0 = Debug|Any CPU
		{FFF5612B-38B6-427E-8A72-C7905564A677}.Release|Any CPU.ActiveCfg = Release|Any CPU
		{FFF5612B-38B6-427E-8A72-C7905564A677}.Release|Any CPU.Build.0 = Release|Any CPU
		{A75D136B-275F-41EE-80BB-C72D3D5AEE5F}.Debug|Any CPU.ActiveCfg = Debug|Any CPU
		{A75D136B-275F-41EE-80BB-C72D3D5AEE5F}.Debug|Any CPU.Build.0 = Debug|Any CPU
		{A75D136B-275F-41EE-80BB-C72D3D5AEE5F}.Release|Any CPU.ActiveCfg = Release|Any CPU
		{A75D136B-275F-41EE-80BB-C72D3D5AEE5F}.Release|Any CPU.Build.0 = Release|Any CPU
		{9BDB5F23-555B-42F3-9A8C-F1F06B3D5971}.Debug|Any CPU.ActiveCfg = Debug|Any CPU
		{9BDB5F23-555B-42F3-9A8C-F1F06B3D5971}.Debug|Any CPU.Build.0 = Debug|Any CPU
		{9BDB5F23-555B-42F3-9A8C-F1F06B3D5971}.Release|Any CPU.ActiveCfg = Release|Any CPU
		{9BDB5F23-555B-42F3-9A8C-F1F06B3D5971}.Release|Any CPU.Build.0 = Release|Any CPU
		{9A193C58-E301-414E-BD11-597456BB22F2}.Debug|Any CPU.ActiveCfg = Debug|Any CPU
		{9A193C58-E301-414E-BD11-597456BB22F2}.Debug|Any CPU.Build.0 = Debug|Any CPU
		{9A193C58-E301-414E-BD11-597456BB22F2}.Release|Any CPU.ActiveCfg = Release|Any CPU
		{9A193C58-E301-414E-BD11-597456BB22F2}.Release|Any CPU.Build.0 = Release|Any CPU
		{BFA64EA9-EC02-42F6-A232-57DF14A24AA9}.Debug|Any CPU.ActiveCfg = Debug|Any CPU
		{BFA64EA9-EC02-42F6-A232-57DF14A24AA9}.Debug|Any CPU.Build.0 = Debug|Any CPU
		{BFA64EA9-EC02-42F6-A232-57DF14A24AA9}.Release|Any CPU.ActiveCfg = Release|Any CPU
		{BFA64EA9-EC02-42F6-A232-57DF14A24AA9}.Release|Any CPU.Build.0 = Release|Any CPU
		{03DB30A7-C41F-446C-8B3D-98F0F30AD8E0}.Debug|Any CPU.ActiveCfg = Debug|Any CPU
		{03DB30A7-C41F-446C-8B3D-98F0F30AD8E0}.Debug|Any CPU.Build.0 = Debug|Any CPU
		{03DB30A7-C41F-446C-8B3D-98F0F30AD8E0}.Release|Any CPU.ActiveCfg = Release|Any CPU
		{03DB30A7-C41F-446C-8B3D-98F0F30AD8E0}.Release|Any CPU.Build.0 = Release|Any CPU
		{B37DC468-FF9E-4717-9292-874D0AD68721}.Debug|Any CPU.ActiveCfg = Debug|Any CPU
		{B37DC468-FF9E-4717-9292-874D0AD68721}.Debug|Any CPU.Build.0 = Debug|Any CPU
		{B37DC468-FF9E-4717-9292-874D0AD68721}.Release|Any CPU.ActiveCfg = Release|Any CPU
		{B37DC468-FF9E-4717-9292-874D0AD68721}.Release|Any CPU.Build.0 = Release|Any CPU
		{B7B37D17-FC20-42F3-900A-D4BA28D8FC21}.Debug|Any CPU.ActiveCfg = Debug|Any CPU
		{B7B37D17-FC20-42F3-900A-D4BA28D8FC21}.Debug|Any CPU.Build.0 = Debug|Any CPU
		{B7B37D17-FC20-42F3-900A-D4BA28D8FC21}.Release|Any CPU.ActiveCfg = Release|Any CPU
		{B7B37D17-FC20-42F3-900A-D4BA28D8FC21}.Release|Any CPU.Build.0 = Release|Any CPU
		{A0DF8EFC-0778-448E-B035-F625AB32E1CB}.Debug|Any CPU.ActiveCfg = Debug|Any CPU
		{A0DF8EFC-0778-448E-B035-F625AB32E1CB}.Debug|Any CPU.Build.0 = Debug|Any CPU
		{A0DF8EFC-0778-448E-B035-F625AB32E1CB}.Release|Any CPU.ActiveCfg = Release|Any CPU
		{A0DF8EFC-0778-448E-B035-F625AB32E1CB}.Release|Any CPU.Build.0 = Release|Any CPU
		{25AB448B-B286-46D5-AB66-F337F703B300}.Debug|Any CPU.ActiveCfg = Debug|Any CPU
		{25AB448B-B286-46D5-AB66-F337F703B300}.Debug|Any CPU.Build.0 = Debug|Any CPU
		{25AB448B-B286-46D5-AB66-F337F703B300}.Release|Any CPU.ActiveCfg = Release|Any CPU
		{25AB448B-B286-46D5-AB66-F337F703B300}.Release|Any CPU.Build.0 = Release|Any CPU
		{49488CD1-35E9-4FB1-8970-E704A31E72D5}.Debug|Any CPU.ActiveCfg = Debug|Any CPU
		{49488CD1-35E9-4FB1-8970-E704A31E72D5}.Debug|Any CPU.Build.0 = Debug|Any CPU
		{49488CD1-35E9-4FB1-8970-E704A31E72D5}.Release|Any CPU.ActiveCfg = Release|Any CPU
		{49488CD1-35E9-4FB1-8970-E704A31E72D5}.Release|Any CPU.Build.0 = Release|Any CPU
		{BA3D60A6-3A20-46AE-908A-6F0363EB54B8}.Debug|Any CPU.ActiveCfg = Debug|Any CPU
		{BA3D60A6-3A20-46AE-908A-6F0363EB54B8}.Debug|Any CPU.Build.0 = Debug|Any CPU
		{BA3D60A6-3A20-46AE-908A-6F0363EB54B8}.Release|Any CPU.ActiveCfg = Release|Any CPU
		{BA3D60A6-3A20-46AE-908A-6F0363EB54B8}.Release|Any CPU.Build.0 = Release|Any CPU
		{9A9FF7D9-566B-4E35-8E6A-C56ED0A3E919}.Debug|Any CPU.ActiveCfg = Debug|Any CPU
		{9A9FF7D9-566B-4E35-8E6A-C56ED0A3E919}.Debug|Any CPU.Build.0 = Debug|Any CPU
		{9A9FF7D9-566B-4E35-8E6A-C56ED0A3E919}.Release|Any CPU.ActiveCfg = Release|Any CPU
		{9A9FF7D9-566B-4E35-8E6A-C56ED0A3E919}.Release|Any CPU.Build.0 = Release|Any CPU
		{7193E354-8257-4F4D-8824-44F1B87B1FE1}.Debug|Any CPU.ActiveCfg = Debug|Any CPU
		{7193E354-8257-4F4D-8824-44F1B87B1FE1}.Debug|Any CPU.Build.0 = Debug|Any CPU
		{7193E354-8257-4F4D-8824-44F1B87B1FE1}.Release|Any CPU.ActiveCfg = Release|Any CPU
		{7193E354-8257-4F4D-8824-44F1B87B1FE1}.Release|Any CPU.Build.0 = Release|Any CPU
		{D10EB578-2FAB-47D3-B048-BAAE755E2288}.Debug|Any CPU.ActiveCfg = Debug|Any CPU
		{D10EB578-2FAB-47D3-B048-BAAE755E2288}.Debug|Any CPU.Build.0 = Debug|Any CPU
		{D10EB578-2FAB-47D3-B048-BAAE755E2288}.Release|Any CPU.ActiveCfg = Release|Any CPU
		{D10EB578-2FAB-47D3-B048-BAAE755E2288}.Release|Any CPU.Build.0 = Release|Any CPU
		{3E0B1F57-3086-4B4B-912F-3C0E0EDF1751}.Debug|Any CPU.ActiveCfg = Debug|Any CPU
		{3E0B1F57-3086-4B4B-912F-3C0E0EDF1751}.Debug|Any CPU.Build.0 = Debug|Any CPU
		{3E0B1F57-3086-4B4B-912F-3C0E0EDF1751}.Release|Any CPU.ActiveCfg = Release|Any CPU
		{3E0B1F57-3086-4B4B-912F-3C0E0EDF1751}.Release|Any CPU.Build.0 = Release|Any CPU
		{487A1D22-681A-4E36-A57B-A32315BFAD26}.Debug|Any CPU.ActiveCfg = Debug|Any CPU
		{487A1D22-681A-4E36-A57B-A32315BFAD26}.Debug|Any CPU.Build.0 = Debug|Any CPU
		{487A1D22-681A-4E36-A57B-A32315BFAD26}.Release|Any CPU.ActiveCfg = Release|Any CPU
		{487A1D22-681A-4E36-A57B-A32315BFAD26}.Release|Any CPU.Build.0 = Release|Any CPU
		{8EDFBDE9-C378-4395-93F9-E44BAE3D8F96}.Debug|Any CPU.ActiveCfg = Debug|Any CPU
		{8EDFBDE9-C378-4395-93F9-E44BAE3D8F96}.Debug|Any CPU.Build.0 = Debug|Any CPU
		{8EDFBDE9-C378-4395-93F9-E44BAE3D8F96}.Release|Any CPU.ActiveCfg = Release|Any CPU
		{8EDFBDE9-C378-4395-93F9-E44BAE3D8F96}.Release|Any CPU.Build.0 = Release|Any CPU
		{BD4FA1C4-DD63-4034-9F00-7885C89229A5}.Debug|Any CPU.ActiveCfg = Debug|Any CPU
		{BD4FA1C4-DD63-4034-9F00-7885C89229A5}.Debug|Any CPU.Build.0 = Debug|Any CPU
		{BD4FA1C4-DD63-4034-9F00-7885C89229A5}.Release|Any CPU.ActiveCfg = Release|Any CPU
		{BD4FA1C4-DD63-4034-9F00-7885C89229A5}.Release|Any CPU.Build.0 = Release|Any CPU
	EndGlobalSection
	GlobalSection(SolutionProperties) = preSolution
		HideSolutionNode = FALSE
	EndGlobalSection
	GlobalSection(NestedProjects) = preSolution
		{5FE15C0A-ED3A-4A5E-9F77-DC10C60C72C2} = {02EA681E-C7D8-13C7-8484-4AC65E1B71E8}
		{61D8F79A-AE21-41A7-938A-726256C23DB2} = {02EA681E-C7D8-13C7-8484-4AC65E1B71E8}
		{FFF5612B-38B6-427E-8A72-C7905564A677} = {02EA681E-C7D8-13C7-8484-4AC65E1B71E8}
		{A75D136B-275F-41EE-80BB-C72D3D5AEE5F} = {EA73276C-6E1C-4600-8EA0-B6792D06D034}
		{9BDB5F23-555B-42F3-9A8C-F1F06B3D5971} = {EA73276C-6E1C-4600-8EA0-B6792D06D034}
		{9A193C58-E301-414E-BD11-597456BB22F2} = {EA73276C-6E1C-4600-8EA0-B6792D06D034}
		{BFA64EA9-EC02-42F6-A232-57DF14A24AA9} = {27CA954E-AB07-4BD1-B9F5-6B8F855D2C16}
		{03DB30A7-C41F-446C-8B3D-98F0F30AD8E0} = {27CA954E-AB07-4BD1-B9F5-6B8F855D2C16}
		{B37DC468-FF9E-4717-9292-874D0AD68721} = {27CA954E-AB07-4BD1-B9F5-6B8F855D2C16}
		{B7B37D17-FC20-42F3-900A-D4BA28D8FC21} = {650F98BD-A24D-4232-BBDA-B2E6802C9E93}
		{A0DF8EFC-0778-448E-B035-F625AB32E1CB} = {650F98BD-A24D-4232-BBDA-B2E6802C9E93}
		{25AB448B-B286-46D5-AB66-F337F703B300} = {650F98BD-A24D-4232-BBDA-B2E6802C9E93}
		{49488CD1-35E9-4FB1-8970-E704A31E72D5} = {7F539E3D-EF0E-41E0-976A-0CD313F9A708}
		{BA3D60A6-3A20-46AE-908A-6F0363EB54B8} = {7F539E3D-EF0E-41E0-976A-0CD313F9A708}
		{9A9FF7D9-566B-4E35-8E6A-C56ED0A3E919} = {7F539E3D-EF0E-41E0-976A-0CD313F9A708}
		{7193E354-8257-4F4D-8824-44F1B87B1FE1} = {70F80E40-3B7D-45B0-B136-40623FD518E7}
		{D10EB578-2FAB-47D3-B048-BAAE755E2288} = {70F80E40-3B7D-45B0-B136-40623FD518E7}
		{3E0B1F57-3086-4B4B-912F-3C0E0EDF1751} = {70F80E40-3B7D-45B0-B136-40623FD518E7}
		{487A1D22-681A-4E36-A57B-A32315BFAD26} = {5DA110A3-C650-43D6-B3ED-EE5C2B6B8365}
		{8EDFBDE9-C378-4395-93F9-E44BAE3D8F96} = {5DA110A3-C650-43D6-B3ED-EE5C2B6B8365}
		{BD4FA1C4-DD63-4034-9F00-7885C89229A5} = {5DA110A3-C650-43D6-B3ED-EE5C2B6B8365}
	EndGlobalSection
	GlobalSection(ExtensibilityGlobals) = postSolution
		SolutionGuid = {2B8FE3DA-9364-4CFB-8184-6B1B1774FFB4}
	EndGlobalSection
EndGlobal
