
Microsoft Visual Studio Solution File, Format Version 12.00
# Visual Studio Version 17
VisualStudioVersion = 17.14.36429.23 d17.14
MinimumVisualStudioVersion = 10.0.40219.1
Project("{FAE04EC0-301F-11D3-BF4B-00C04F79EFBC}") = "Tyuiu.ReutovZA.Sprint2.Task0.V1.Test", "Tyuiu.ReutovZA.Sprint2.Task0.V1.Test\Tyuiu.ReutovZA.Sprint2.Task0.V1.Test.csproj", "{5FE15C0A-ED3A-4A5E-9F77-DC10C60C72C2}"
EndProject
Project("{FAE04EC0-301F-11D3-BF4B-00C04F79EFBC}") = "Tyuiu.ReutovZA.Sprint2.Task0.V1.Lib", "Tyuiu.ReutovZA.Sprint2.Task0.V1.Lib\Tyuiu.ReutovZA.Sprint2.Task0.V1.Lib.csproj", "{61D8F79A-AE21-41A7-938A-726256C23DB2}"
EndProject
Project("{FAE04EC0-301F-11D3-BF4B-00C04F79EFBC}") = "Tyuiu.ReutovZA.Sprint2.Task0.V1", "Tyuiu.ReutovZA.Sprint2.Task0.V1\Tyuiu.ReutovZA.Sprint2.Task0.V1.csproj", "{FFF5612B-38B6-427E-8A72-C7905564A677}"
EndProject
Project("{2150E333-8FDC-42A3-9474-1A3956D46DE8}") = "Task0", "Task0", "{02EA681E-C7D8-13C7-8484-4AC65E1B71E8}"
EndProject
Project("{2150E333-8FDC-42A3-9474-1A3956D46DE8}") = "Task1", "Task1", "{EA73276C-6E1C-4600-8EA0-B6792D06D034}"
EndProject
Project("{FAE04EC0-301F-11D3-BF4B-00C04F79EFBC}") = "Tyuiu.ReutovZA.Sprint2.Task1.V5", "Tyuiu.ReutovZA.Sprint2.Task1.V5\Tyuiu.ReutovZA.Sprint2.Task1.V5.csproj", "{A75D136B-275F-41EE-80BB-C72D3D5AEE5F}"
EndProject
Project("{FAE04EC0-301F-11D3-BF4B-00C04F79EFBC}") = "Tyuiu.ReutovZA.Sprint2.Task1.V5.Lib", "Tyuiu.ReutovZA.Sprint2.Task1.V5.Lib\Tyuiu.ReutovZA.Sprint2.Task1.V5.Lib.csproj", "{9BDB5F23-555B-42F3-9A8C-F1F06B3D5971}"
EndProject
Project("{FAE04EC0-301F-11D3-BF4B-00C04F79EFBC}") = "Tyuiu.ReutovZA.Sprint2.Task1.V5.Test", "Tyuiu.ReutovZA.Sprint2.Task1.V5.Test\Tyuiu.ReutovZA.Sprint2.Task1.V5.Test.csproj", "{9A193C58-E301-414E-BD11-597456BB22F2}"
EndProject
Project("{2150E333-8FDC-42A3-9474-1A3956D46DE8}") = "Task2", "Task2", "{27CA954E-AB07-4BD1-B9F5-6B8F855D2C16}"
EndProject
Project("{FAE04EC0-301F-11D3-BF4B-00C04F79EFBC}") = "Tyuiu.ReutovZA.Sprint2.Task2.V16.Test", "Tyuiu.ReutovZA.Sprint2.Task2.V16.Test\Tyuiu.ReutovZA.Sprint2.Task2.V16.Test.csproj", "{BFA64EA9-EC02-42F6-A232-57DF14A24AA9}"
EndProject
Project("{FAE04EC0-301F-11D3-BF4B-00C04F79EFBC}") = "Tyuiu.ReutovZA.Sprint2.Task2.V16.Lib", "Tyuiu.ReutovZA.Sprint2.Task2.V16.Lib\Tyuiu.ReutovZA.Sprint2.Task2.V16.Lib.csproj", "{03DB30A7-C41F-446C-8B3D-98F0F30AD8E0}"
EndProject
Project("{FAE04EC0-301F-11D3-BF4B-00C04F79EFBC}") = "Tyuiu.ReutovZA.Sprint2.Task2.V16", "Tyuiu.ReutovZA.Sprint2.Task2.V16\Tyuiu.ReutovZA.Sprint2.Task2.V16.csproj", "{B37DC468-FF9E-4717-9292-874D0AD68721}"
EndProject
Project("{2150E333-8FDC-42A3-9474-1A3956D46DE8}") = "Task3", "Task3", "{650F98BD-A24D-4232-BBDA-B2E6802C9E93}"
EndProject
Project("{FAE04EC0-301F-11D3-BF4B-00C04F79EFBC}") = "Tyuiu.ReutovZA.Sprint2.Task3.V9", "Tyuiu.ReutovZA.Sprint2.Task3.V9\Tyuiu.ReutovZA.Sprint2.Task3.V9.csproj", "{B7B37D17-FC20-42F3-900A-D4BA28D8FC21}"
EndProject
Project("{FAE04EC0-301F-11D3-BF4B-00C04F79EFBC}") = "Tyuiu.ReutovZA.Sprint2.Task3.V9.Lib", "Tyuiu.ReutovZA.Sprint2.Task3.V9.Lib\Tyuiu.ReutovZA.Sprint2.Task3.V9.Lib.csproj", "{A0DF8EFC-0778-448E-B035-F625AB32E1CB}"
EndProject
Project("{FAE04EC0-301F-11D3-BF4B-00C04F79EFBC}") = "Tyuiu.ReutovZA.Sprint2.Task3.V9.Test", "Tyuiu.ReutovZA.Sprint2.Task3.V9.Test\Tyuiu.ReutovZA.Sprint2.Task3.V9.Test.csproj", "{25AB448B-B286-46D5-AB66-F337F703B300}"
EndProject
Global
	GlobalSection(SolutionConfigurationPlatforms) = preSolution
		Debug|Any CPU = Debug|Any CPU
		Release|Any CPU = Release|Any CPU
	EndGlobalSection
	GlobalSection(ProjectConfigurationPlatforms) = postSolution
		{5FE15C0A-ED3A-4A5E-9F77-DC10C60C72C2}.Debug|Any CPU.ActiveCfg = Debug|Any CPU
		{5FE15C0A-ED3A-4A5E-9F77-DC10C60C72C2}.Debug|Any CPU.Build.0 = Debug|Any CPU
		{5FE15C0A-ED3A-4A5E-9F77-DC10C60C72C2}.Release|Any CPU.ActiveCfg = Release|Any CPU
		{5FE15C0A-ED3A-4A5E-9F77-DC10C60C72C2}.Release|Any CPU.Build.0 = Release|Any CPU
		{61D8F79A-AE21-41A7-938A-726256C23DB2}.Debug|Any CPU.ActiveCfg = Debug|Any CPU
		{61D8F79A-AE21-41A7-938A-726256C23DB2}.Debug|Any CPU.Build.0 = Debug|Any CPU
		{61D8F79A-AE21-41A7-938A-726256C23DB2}.Release|Any CPU.ActiveCfg = Release|Any CPU
		{61D8F79A-AE21-41A7-938A-726256C23DB2}.Release|Any CPU.Build.0 = Release|Any CPU
		{FFF5612B-38B6-427E-8A72-C7905564A677}.Debug|Any CPU.ActiveCfg = Debug|Any CPU
		{FFF5612B-38B6-427E-8A72-C7905564A677}.Debug|Any CPU.Build.0 = Debug|Any CPU
		{FFF5612B-38B6-427E-8A72-C7905564A677}.Release|Any CPU.ActiveCfg = Release|Any CPU
		{FFF5612B-38B6-427E-8A72-C7905564A677}.Release|Any CPU.Build.0 = Release|Any CPU
		{A75D136B-275F-41EE-80BB-C72D3D5AEE5F}.Debug|Any CPU.ActiveCfg = Debug|Any CPU
		{A75D136B-275F-41EE-80BB-C72D3D5AEE5F}.Debug|Any CPU.Build.0 = Debug|Any CPU
		{A75D136B-275F-41EE-80BB-C72D3D5AEE5F}.Release|Any CPU.ActiveCfg = Release|Any CPU
		{A75D136B-275F-41EE-80BB-C72D3D5AEE5F}.Release|Any CPU.Build.0 = Release|Any CPU
		{9BDB5F23-555B-42F3-9A8C-F1F06B3D5971}.Debug|Any CPU.ActiveCfg = Debug|Any CPU
		{9BDB5F23-555B-42F3-9A8C-F1F06B3D5971}.Debug|Any CPU.Build.0 = Debug|Any CPU
		{9BDB5F23-555B-42F3-9A8C-F1F06B3D5971}.Release|Any CPU.ActiveCfg = Release|Any CPU
		{9BDB5F23-555B-42F3-9A8C-F1F06B3D5971}.Release|Any CPU.Build.0 = Release|Any CPU
		{9A193C58-E301-414E-BD11-597456BB22F2}.Debug|Any CPU.ActiveCfg = Debug|Any CPU
		{9A193C58-E301-414E-BD11-597456BB22F2}.Debug|Any CPU.Build.0 = Debug|Any CPU
		{9A193C58-E301-414E-BD11-597456BB22F2}.Release|Any CPU.ActiveCfg = Release|Any CPU
		{9A193C58-E301-414E-BD11-597456BB22F2}.Release|Any CPU.Build.0 = Release|Any CPU
		{BFA64EA9-EC02-42F6-A232-57DF14A24AA9}.Debug|Any CPU.ActiveCfg = Debug|Any CPU
		{BFA64EA9-EC02-42F6-A232-57DF14A24AA9}.Debug|Any CPU.Build.0 = Debug|Any CPU
		{BFA64EA9-EC02-42F6-A232-57DF14A24AA9}.Release|Any CPU.ActiveCfg = Release|Any CPU
		{BFA64EA9-EC02-42F6-A232-57DF14A24AA9}.Release|Any CPU.Build.0 = Release|Any CPU
		{03DB30A7-C41F-446C-8B3D-98F0F30AD8E0}.Debug|Any CPU.ActiveCfg = Debug|Any CPU
		{03DB30A7-C41F-446C-8B3D-98F0F30AD8E0}.Debug|Any CPU.Build.0 = Debug|Any CPU
		{03DB30A7-C41F-446C-8B3D-98F0F30AD8E0}.Release|Any CPU.ActiveCfg = Release|Any CPU
		{03DB30A7-C41F-446C-8B3D-98F0F30AD8E0}.Release|Any CPU.Build.0 = Release|Any CPU
		{B37DC468-FF9E-4717-9292-874D0AD68721}.Debug|Any CPU.ActiveCfg = Debug|Any CPU
		{B37DC468-FF9E-4717-9292-874D0AD68721}.Debug|Any CPU.Build.0 = Debug|Any CPU
		{B37DC468-FF9E-4717-9292-874D0AD68721}.Release|Any CPU.ActiveCfg = Release|Any CPU
		{B37DC468-FF9E-4717-9292-874D0AD68721}.Release|Any CPU.Build.0 = Release|Any CPU
		{B7B37D17-FC20-42F3-900A-D4BA28D8FC21}.Debug|Any CPU.ActiveCfg = Debug|Any CPU
		{B7B37D17-FC20-42F3-900A-D4BA28D8FC21}.Debug|Any CPU.Build.0 = Debug|Any CPU
		{B7B37D17-FC20-42F3-900A-D4BA28D8FC21}.Release|Any CPU.ActiveCfg = Release|Any CPU
		{B7B37D17-FC20-42F3-900A-D4BA28D8FC21}.Release|Any CPU.Build.0 = Release|Any CPU
		{A0DF8EFC-0778-448E-B035-F625AB32E1CB}.Debug|Any CPU.ActiveCfg = Debug|Any CPU
		{A0DF8EFC-0778-448E-B035-F625AB32E1CB}.Debug|Any CPU.Build.0 = Debug|Any CPU
		{A0DF8EFC-0778-448E-B035-F625AB32E1CB}.Release|Any CPU.ActiveCfg = Release|Any CPU
		{A0DF8EFC-0778-448E-B035-F625AB32E1CB}.Release|Any CPU.Build.0 = Release|Any CPU
		{25AB448B-B286-46D5-AB66-F337F703B300}.Debug|Any CPU.ActiveCfg = Debug|Any CPU
		{25AB448B-B286-46D5-AB66-F337F703B300}.Debug|Any CPU.Build.0 = Debug|Any CPU
		{25AB448B-B286-46D5-AB66-F337F703B300}.Release|Any CPU.ActiveCfg = Release|Any CPU
		{25AB448B-B286-46D5-AB66-F337F703B300}.Release|Any CPU.Build.0 = Release|Any CPU
	EndGlobalSection
	GlobalSection(SolutionProperties) = preSolution
		HideSolutionNode = FALSE
	EndGlobalSection
	GlobalSection(NestedProjects) = preSolution
		{5FE15C0A-ED3A-4A5E-9F77-DC10C60C72C2} = {02EA681E-C7D8-13C7-8484-4AC65E1B71E8}
		{61D8F79A-AE21-41A7-938A-726256C23DB2} = {02EA681E-C7D8-13C7-8484-4AC65E1B71E8}
		{FFF5612B-38B6-427E-8A72-C7905564A677} = {02EA681E-C7D8-13C7-8484-4AC65E1B71E8}
		{A75D136B-275F-41EE-80BB-C72D3D5AEE5F} = {EA73276C-6E1C-4600-8EA0-B6792D06D034}
		{9BDB5F23-555B-42F3-9A8C-F1F06B3D5971} = {EA73276C-6E1C-4600-8EA0-B6792D06D034}
		{9A193C58-E301-414E-BD11-597456BB22F2} = {EA73276C-6E1C-4600-8EA0-B6792D06D034}
		{BFA64EA9-EC02-42F6-A232-57DF14A24AA9} = {27CA954E-AB07-4BD1-B9F5-6B8F855D2C16}
		{03DB30A7-C41F-446C-8B3D-98F0F30AD8E0} = {27CA954E-AB07-4BD1-B9F5-6B8F855D2C16}
		{B37DC468-FF9E-4717-9292-874D0AD68721} = {27CA954E-AB07-4BD1-B9F5-6B8F855D2C16}
		{B7B37D17-FC20-42F3-900A-D4BA28D8FC21} = {650F98BD-A24D-4232-BBDA-B2E6802C9E93}
		{A0DF8EFC-0778-448E-B035-F625AB32E1CB} = {650F98BD-A24D-4232-BBDA-B2E6802C9E93}
		{25AB448B-B286-46D5-AB66-F337F703B300} = {650F98BD-A24D-4232-BBDA-B2E6802C9E93}
	EndGlobalSection
	GlobalSection(ExtensibilityGlobals) = postSolution
		SolutionGuid = {2B8FE3DA-9364-4CFB-8184-6B1B1774FFB4}
	EndGlobalSection
EndGlobal
